
Microsoft Visual Studio Solution File, Format Version 12.00
# Visual Studio Version 17
VisualStudioVersion = 17.12.35514.174 d17.12
MinimumVisualStudioVersion = 10.0.40219.1
Project("{2150E333-8FDC-42A3-9474-1A3956D46DE8}") = "src", "src", "{A04C6D08-20B2-4098-A17A-99D20F65C676}"
EndProject
Project("{2150E333-8FDC-42A3-9474-1A3956D46DE8}") = "tests", "tests", "{299CA603-4872-48C2-84EA-09EA31460B8C}"
EndProject
Project("{FAE04EC0-301F-11D3-BF4B-00C04F79EFBC}") = "ManthanGurukul.API", "ManthanGurukul.API\ManthanGurukul.API.csproj", "{BCC4DD4C-CD1C-44C7-B92E-0552EABA3320}"
EndProject
Global
	GlobalSection(SolutionConfigurationPlatforms) = preSolution
		Debug|Any CPU = Debug|Any CPU
		Release|Any CPU = Release|Any CPU
	EndGlobalSection
	GlobalSection(ProjectConfigurationPlatforms) = postSolution
		{BCC4DD4C-CD1C-44C7-B92E-0552EABA3320}.Debug|Any CPU.ActiveCfg = Debug|Any CPU
		{BCC4DD4C-CD1C-44C7-B92E-0552EABA3320}.Debug|Any CPU.Build.0 = Debug|Any CPU
		{BCC4DD4C-CD1C-44C7-B92E-0552EABA3320}.Release|Any CPU.ActiveCfg = Release|Any CPU
		{BCC4DD4C-CD1C-44C7-B92E-0552EABA3320}.Release|Any CPU.Build.0 = Release|Any CPU
	EndGlobalSection
	GlobalSection(SolutionProperties) = preSolution
		HideSolutionNode = FALSE
	EndGlobalSection
	GlobalSection(NestedProjects) = preSolution
		{BCC4DD4C-CD1C-44C7-B92E-0552EABA3320} = {A04C6D08-20B2-4098-A17A-99D20F65C676}
	EndGlobalSection
EndGlobal
